
Microsoft Visual Studio Solution File, Format Version 12.00
# Visual Studio Version 17
VisualStudioVersion = 17.5.33516.290
MinimumVisualStudioVersion = 10.0.40219.1
Project("{E24C65DC-7377-472B-9ABA-BC803B73C61A}") = "InjectionAttacks", "InjectionAttacks\", "{433511F4-B97C-43C1-9F62-89FF66B087AD}"
	ProjectSection(WebsiteProperties) = preProject
		TargetFrameworkMoniker = ".NETFramework,Version%3Dv4.7.2"
		Debug.AspNetCompiler.VirtualPath = "/localhost_53567"
		Debug.AspNetCompiler.PhysicalPath = "InjectionAttacks\"
		Debug.AspNetCompiler.TargetPath = "PrecompiledWeb\localhost_53567\"
		Debug.AspNetCompiler.Updateable = "true"
		Debug.AspNetCompiler.ForceOverwrite = "true"
		Debug.AspNetCompiler.FixedNames = "false"
		Debug.AspNetCompiler.Debug = "True"
		Release.AspNetCompiler.VirtualPath = "/localhost_53567"
		Release.AspNetCompiler.PhysicalPath = "InjectionAttacks\"
		Release.AspNetCompiler.TargetPath = "PrecompiledWeb\localhost_53567\"
		Release.AspNetCompiler.Updateable = "true"
		Release.AspNetCompiler.ForceOverwrite = "true"
		Release.AspNetCompiler.FixedNames = "false"
		Release.AspNetCompiler.Debug = "False"
		VWDPort = "53567"
		SlnRelativePath = "InjectionAttacks\"
		DefaultWebSiteLanguage = "Visual C#"
	EndProjectSection
EndProject
Global
	GlobalSection(SolutionConfigurationPlatforms) = preSolution
		Debug|Any CPU = Debug|Any CPU
	EndGlobalSection
	GlobalSection(ProjectConfigurationPlatforms) = postSolution
		{433511F4-B97C-43C1-9F62-89FF66B087AD}.Debug|Any CPU.ActiveCfg = Debug|Any CPU
		{433511F4-B97C-43C1-9F62-89FF66B087AD}.Debug|Any CPU.Build.0 = Debug|Any CPU
	EndGlobalSection
	GlobalSection(SolutionProperties) = preSolution
		HideSolutionNode = FALSE
	EndGlobalSection
	GlobalSection(ExtensibilityGlobals) = postSolution
		SolutionGuid = {260D9DCA-D16B-4C5F-836C-04A4E15D1F35}
	EndGlobalSection
EndGlobal
